// !$*UTF8*$!
{
	archiveVersion = 1;
	classes = {
	};
	objectVersion = 50;
	objects = {

/* Begin PBXBuildFile section */
		B49DD19F21EFB33E00384A29 /* AppDelegate.swift in Sources */ = {isa = PBXBuildFile; fileRef = B49DD19E21EFB33E00384A29 /* AppDelegate.swift */; };
		B49DD1A321EFB33F00384A29 /* Assets.xcassets in Resources */ = {isa = PBXBuildFile; fileRef = B49DD1A221EFB33F00384A29 /* Assets.xcassets */; };
		B49DD1A621EFB33F00384A29 /* Main.storyboard in Resources */ = {isa = PBXBuildFile; fileRef = B49DD1A421EFB33F00384A29 /* Main.storyboard */; };
		B49DD1B521EFCCB500384A29 /* AppDelegate.swift in Sources */ = {isa = PBXBuildFile; fileRef = B49DD1B421EFCCB500384A29 /* AppDelegate.swift */; };
		B49DD1B721EFCCB500384A29 /* Assets.xcassets in Resources */ = {isa = PBXBuildFile; fileRef = B49DD1B621EFCCB500384A29 /* Assets.xcassets */; };
		B49DD1BA21EFCCB500384A29 /* MainMenu.xib in Resources */ = {isa = PBXBuildFile; fileRef = B49DD1B821EFCCB500384A29 /* MainMenu.xib */; };
		B49DD1C321EFCDA900384A29 /* Launcher.app in CopyFiles */ = {isa = PBXBuildFile; fileRef = B49DD1B221EFCCB500384A29 /* Launcher.app */; settings = {ATTRIBUTES = (RemoveHeadersOnCopy, ); }; };
/* End PBXBuildFile section */

/* Begin PBXCopyFilesBuildPhase section */
		B49DD1C221EFCD9E00384A29 /* CopyFiles */ = {
			isa = PBXCopyFilesBuildPhase;
			buildActionMask = 2147483647;
			dstPath = Contents/Library/LoginItems;
			dstSubfolderSpec = 1;
			files = (
				B49DD1C321EFCDA900384A29 /* Launcher.app in CopyFiles */,
			);
			runOnlyForDeploymentPostprocessing = 0;
		};
/* End PBXCopyFilesBuildPhase section */

/* Begin PBXFileReference section */
		B49DD19B21EFB33E00384A29 /* Battery Notifier.app */ = {isa = PBXFileReference; explicitFileType = wrapper.application; includeInIndex = 0; path = "Battery Notifier.app"; sourceTree = BUILT_PRODUCTS_DIR; };
		B49DD19E21EFB33E00384A29 /* AppDelegate.swift */ = {isa = PBXFileReference; lastKnownFileType = sourcecode.swift; path = AppDelegate.swift; sourceTree = "<group>"; };
		B49DD1A221EFB33F00384A29 /* Assets.xcassets */ = {isa = PBXFileReference; lastKnownFileType = folder.assetcatalog; path = Assets.xcassets; sourceTree = "<group>"; };
		B49DD1A521EFB33F00384A29 /* Base */ = {isa = PBXFileReference; lastKnownFileType = file.storyboard; name = Base; path = Base.lproj/Main.storyboard; sourceTree = "<group>"; };
		B49DD1A721EFB33F00384A29 /* Info.plist */ = {isa = PBXFileReference; lastKnownFileType = text.plist.xml; path = Info.plist; sourceTree = "<group>"; };
		B49DD1A821EFB33F00384A29 /* BatteryNotifier.entitlements */ = {isa = PBXFileReference; lastKnownFileType = text.plist.entitlements; path = BatteryNotifier.entitlements; sourceTree = "<group>"; };
		B49DD1B221EFCCB500384A29 /* Launcher.app */ = {isa = PBXFileReference; explicitFileType = wrapper.application; includeInIndex = 0; path = Launcher.app; sourceTree = BUILT_PRODUCTS_DIR; };
		B49DD1B421EFCCB500384A29 /* AppDelegate.swift */ = {isa = PBXFileReference; lastKnownFileType = sourcecode.swift; path = AppDelegate.swift; sourceTree = "<group>"; };
		B49DD1B621EFCCB500384A29 /* Assets.xcassets */ = {isa = PBXFileReference; lastKnownFileType = folder.assetcatalog; path = Assets.xcassets; sourceTree = "<group>"; };
		B49DD1B921EFCCB500384A29 /* Base */ = {isa = PBXFileReference; lastKnownFileType = file.xib; name = Base; path = Base.lproj/MainMenu.xib; sourceTree = "<group>"; };
		B49DD1BB21EFCCB500384A29 /* Info.plist */ = {isa = PBXFileReference; lastKnownFileType = text.plist.xml; path = Info.plist; sourceTree = "<group>"; };
		B49DD1BC21EFCCB500384A29 /* Launcher.entitlements */ = {isa = PBXFileReference; lastKnownFileType = text.plist.entitlements; path = Launcher.entitlements; sourceTree = "<group>"; };
/* End PBXFileReference section */

/* Begin PBXFrameworksBuildPhase section */
		B49DD19821EFB33E00384A29 /* Frameworks */ = {
			isa = PBXFrameworksBuildPhase;
			buildActionMask = 2147483647;
			files = (
			);
			runOnlyForDeploymentPostprocessing = 0;
		};
		B49DD1AF21EFCCB500384A29 /* Frameworks */ = {
			isa = PBXFrameworksBuildPhase;
			buildActionMask = 2147483647;
			files = (
			);
			runOnlyForDeploymentPostprocessing = 0;
		};
/* End PBXFrameworksBuildPhase section */

/* Begin PBXGroup section */
		B49DD19221EFB33E00384A29 = {
			isa = PBXGroup;
			children = (
				B49DD19D21EFB33E00384A29 /* BatteryNotifier */,
				B49DD1B321EFCCB500384A29 /* Launcher */,
				B49DD19C21EFB33E00384A29 /* Products */,
			);
			sourceTree = "<group>";
		};
		B49DD19C21EFB33E00384A29 /* Products */ = {
			isa = PBXGroup;
			children = (
				B49DD19B21EFB33E00384A29 /* Battery Notifier.app */,
				B49DD1B221EFCCB500384A29 /* Launcher.app */,
			);
			name = Products;
			sourceTree = "<group>";
		};
		B49DD19D21EFB33E00384A29 /* BatteryNotifier */ = {
			isa = PBXGroup;
			children = (
				B49DD19E21EFB33E00384A29 /* AppDelegate.swift */,
				B49DD1A221EFB33F00384A29 /* Assets.xcassets */,
				B49DD1A421EFB33F00384A29 /* Main.storyboard */,
				B49DD1A721EFB33F00384A29 /* Info.plist */,
				B49DD1A821EFB33F00384A29 /* BatteryNotifier.entitlements */,
			);
			path = BatteryNotifier;
			sourceTree = "<group>";
		};
		B49DD1B321EFCCB500384A29 /* Launcher */ = {
			isa = PBXGroup;
			children = (
				B49DD1B421EFCCB500384A29 /* AppDelegate.swift */,
				B49DD1B621EFCCB500384A29 /* Assets.xcassets */,
				B49DD1B821EFCCB500384A29 /* MainMenu.xib */,
				B49DD1BB21EFCCB500384A29 /* Info.plist */,
				B49DD1BC21EFCCB500384A29 /* Launcher.entitlements */,
			);
			path = Launcher;
			sourceTree = "<group>";
		};
/* End PBXGroup section */

/* Begin PBXNativeTarget section */
		B49DD19A21EFB33E00384A29 /* Battery Notifier */ = {
			isa = PBXNativeTarget;
			buildConfigurationList = B49DD1AB21EFB33F00384A29 /* Build configuration list for PBXNativeTarget "Battery Notifier" */;
			buildPhases = (
				B49DD19721EFB33E00384A29 /* Sources */,
				B49DD19821EFB33E00384A29 /* Frameworks */,
				B49DD19921EFB33E00384A29 /* Resources */,
				B49DD1C221EFCD9E00384A29 /* CopyFiles */,
			);
			buildRules = (
			);
			dependencies = (
			);
			name = "Battery Notifier";
			productName = BatteryNotifier;
			productReference = B49DD19B21EFB33E00384A29 /* Battery Notifier.app */;
			productType = "com.apple.product-type.application";
		};
		B49DD1B121EFCCB500384A29 /* Launcher */ = {
			isa = PBXNativeTarget;
			buildConfigurationList = B49DD1BD21EFCCB500384A29 /* Build configuration list for PBXNativeTarget "Launcher" */;
			buildPhases = (
				B49DD1AE21EFCCB500384A29 /* Sources */,
				B49DD1AF21EFCCB500384A29 /* Frameworks */,
				B49DD1B021EFCCB500384A29 /* Resources */,
			);
			buildRules = (
			);
			dependencies = (
			);
			name = Launcher;
			productName = Launcher;
			productReference = B49DD1B221EFCCB500384A29 /* Launcher.app */;
			productType = "com.apple.product-type.application";
		};
/* End PBXNativeTarget section */

/* Begin PBXProject section */
		B49DD19321EFB33E00384A29 /* Project object */ = {
			isa = PBXProject;
			attributes = {
				LastSwiftUpdateCheck = 1010;
				LastUpgradeCheck = 1010;
				ORGANIZATIONNAME = "Ludvig Ellevold";
				TargetAttributes = {
					B49DD19A21EFB33E00384A29 = {
						CreatedOnToolsVersion = 10.1;
					};
					B49DD1B121EFCCB500384A29 = {
						CreatedOnToolsVersion = 10.1;
					};
				};
			};
			buildConfigurationList = B49DD19621EFB33E00384A29 /* Build configuration list for PBXProject "BatteryNotifier" */;
			compatibilityVersion = "Xcode 9.3";
			developmentRegion = en;
			hasScannedForEncodings = 0;
			knownRegions = (
				en,
				Base,
			);
			mainGroup = B49DD19221EFB33E00384A29;
			productRefGroup = B49DD19C21EFB33E00384A29 /* Products */;
			projectDirPath = "";
			projectRoot = "";
			targets = (
				B49DD19A21EFB33E00384A29 /* Battery Notifier */,
				B49DD1B121EFCCB500384A29 /* Launcher */,
			);
		};
/* End PBXProject section */

/* Begin PBXResourcesBuildPhase section */
		B49DD19921EFB33E00384A29 /* Resources */ = {
			isa = PBXResourcesBuildPhase;
			buildActionMask = 2147483647;
			files = (
				B49DD1A321EFB33F00384A29 /* Assets.xcassets in Resources */,
				B49DD1A621EFB33F00384A29 /* Main.storyboard in Resources */,
			);
			runOnlyForDeploymentPostprocessing = 0;
		};
		B49DD1B021EFCCB500384A29 /* Resources */ = {
			isa = PBXResourcesBuildPhase;
			buildActionMask = 2147483647;
			files = (
				B49DD1B721EFCCB500384A29 /* Assets.xcassets in Resources */,
				B49DD1BA21EFCCB500384A29 /* MainMenu.xib in Resources */,
			);
			runOnlyForDeploymentPostprocessing = 0;
		};
/* End PBXResourcesBuildPhase section */

/* Begin PBXSourcesBuildPhase section */
		B49DD19721EFB33E00384A29 /* Sources */ = {
			isa = PBXSourcesBuildPhase;
			buildActionMask = 2147483647;
			files = (
				B49DD19F21EFB33E00384A29 /* AppDelegate.swift in Sources */,
			);
			runOnlyForDeploymentPostprocessing = 0;
		};
		B49DD1AE21EFCCB500384A29 /* Sources */ = {
			isa = PBXSourcesBuildPhase;
			buildActionMask = 2147483647;
			files = (
				B49DD1B521EFCCB500384A29 /* AppDelegate.swift in Sources */,
			);
			runOnlyForDeploymentPostprocessing = 0;
		};
/* End PBXSourcesBuildPhase section */

/* Begin PBXVariantGroup section */
		B49DD1A421EFB33F00384A29 /* Main.storyboard */ = {
			isa = PBXVariantGroup;
			children = (
				B49DD1A521EFB33F00384A29 /* Base */,
			);
			name = Main.storyboard;
			sourceTree = "<group>";
		};
		B49DD1B821EFCCB500384A29 /* MainMenu.xib */ = {
			isa = PBXVariantGroup;
			children = (
				B49DD1B921EFCCB500384A29 /* Base */,
			);
			name = MainMenu.xib;
			sourceTree = "<group>";
		};
/* End PBXVariantGroup section */

/* Begin XCBuildConfiguration section */
		B49DD1A921EFB33F00384A29 /* Debug */ = {
			isa = XCBuildConfiguration;
			buildSettings = {
				ALWAYS_SEARCH_USER_PATHS = NO;
				CLANG_ANALYZER_NONNULL = YES;
				CLANG_ANALYZER_NUMBER_OBJECT_CONVERSION = YES_AGGRESSIVE;
				CLANG_CXX_LANGUAGE_STANDARD = "gnu++14";
				CLANG_CXX_LIBRARY = "libc++";
				CLANG_ENABLE_MODULES = YES;
				CLANG_ENABLE_OBJC_ARC = YES;
				CLANG_ENABLE_OBJC_WEAK = YES;
				CLANG_WARN_BLOCK_CAPTURE_AUTORELEASING = YES;
				CLANG_WARN_BOOL_CONVERSION = YES;
				CLANG_WARN_COMMA = YES;
				CLANG_WARN_CONSTANT_CONVERSION = YES;
				CLANG_WARN_DEPRECATED_OBJC_IMPLEMENTATIONS = YES;
				CLANG_WARN_DIRECT_OBJC_ISA_USAGE = YES_ERROR;
				CLANG_WARN_DOCUMENTATION_COMMENTS = YES;
				CLANG_WARN_EMPTY_BODY = YES;
				CLANG_WARN_ENUM_CONVERSION = YES;
				CLANG_WARN_INFINITE_RECURSION = YES;
				CLANG_WARN_INT_CONVERSION = YES;
				CLANG_WARN_NON_LITERAL_NULL_CONVERSION = YES;
				CLANG_WARN_OBJC_IMPLICIT_RETAIN_SELF = YES;
				CLANG_WARN_OBJC_LITERAL_CONVERSION = YES;
				CLANG_WARN_OBJC_ROOT_CLASS = YES_ERROR;
				CLANG_WARN_RANGE_LOOP_ANALYSIS = YES;
				CLANG_WARN_STRICT_PROTOTYPES = YES;
				CLANG_WARN_SUSPICIOUS_MOVE = YES;
				CLANG_WARN_UNGUARDED_AVAILABILITY = YES_AGGRESSIVE;
				CLANG_WARN_UNREACHABLE_CODE = YES;
				CLANG_WARN__DUPLICATE_METHOD_MATCH = YES;
				CODE_SIGN_IDENTITY = "Mac Developer";
				COPY_PHASE_STRIP = NO;
				DEBUG_INFORMATION_FORMAT = dwarf;
				ENABLE_STRICT_OBJC_MSGSEND = YES;
				ENABLE_TESTABILITY = YES;
				GCC_C_LANGUAGE_STANDARD = gnu11;
				GCC_DYNAMIC_NO_PIC = NO;
				GCC_NO_COMMON_BLOCKS = YES;
				GCC_OPTIMIZATION_LEVEL = 0;
				GCC_PREPROCESSOR_DEFINITIONS = (
					"DEBUG=1",
					"$(inherited)",
				);
				GCC_WARN_64_TO_32_BIT_CONVERSION = YES;
				GCC_WARN_ABOUT_RETURN_TYPE = YES_ERROR;
				GCC_WARN_UNDECLARED_SELECTOR = YES;
				GCC_WARN_UNINITIALIZED_AUTOS = YES_AGGRESSIVE;
				GCC_WARN_UNUSED_FUNCTION = YES;
				GCC_WARN_UNUSED_VARIABLE = YES;
				MACOSX_DEPLOYMENT_TARGET = 10.14;
				MTL_ENABLE_DEBUG_INFO = INCLUDE_SOURCE;
				MTL_FAST_MATH = YES;
				ONLY_ACTIVE_ARCH = YES;
				SDKROOT = macosx;
				SWIFT_ACTIVE_COMPILATION_CONDITIONS = DEBUG;
				SWIFT_OPTIMIZATION_LEVEL = "-Onone";
			};
			name = Debug;
		};
		B49DD1AA21EFB33F00384A29 /* Release */ = {
			isa = XCBuildConfiguration;
			buildSettings = {
				ALWAYS_SEARCH_USER_PATHS = NO;
				CLANG_ANALYZER_NONNULL = YES;
				CLANG_ANALYZER_NUMBER_OBJECT_CONVERSION = YES_AGGRESSIVE;
				CLANG_CXX_LANGUAGE_STANDARD = "gnu++14";
				CLANG_CXX_LIBRARY = "libc++";
				CLANG_ENABLE_MODULES = YES;
				CLANG_ENABLE_OBJC_ARC = YES;
				CLANG_ENABLE_OBJC_WEAK = YES;
				CLANG_WARN_BLOCK_CAPTURE_AUTORELEASING = YES;
				CLANG_WARN_BOOL_CONVERSION = YES;
				CLANG_WARN_COMMA = YES;
				CLANG_WARN_CONSTANT_CONVERSION = YES;
				CLANG_WARN_DEPRECATED_OBJC_IMPLEMENTATIONS = YES;
				CLANG_WARN_DIRECT_OBJC_ISA_USAGE = YES_ERROR;
				CLANG_WARN_DOCUMENTATION_COMMENTS = YES;
				CLANG_WARN_EMPTY_BODY = YES;
				CLANG_WARN_ENUM_CONVERSION = YES;
				CLANG_WARN_INFINITE_RECURSION = YES;
				CLANG_WARN_INT_CONVERSION = YES;
				CLANG_WARN_NON_LITERAL_NULL_CONVERSION = YES;
				CLANG_WARN_OBJC_IMPLICIT_RETAIN_SELF = YES;
				CLANG_WARN_OBJC_LITERAL_CONVERSION = YES;
				CLANG_WARN_OBJC_ROOT_CLASS = YES_ERROR;
				CLANG_WARN_RANGE_LOOP_ANALYSIS = YES;
				CLANG_WARN_STRICT_PROTOTYPES = YES;
				CLANG_WARN_SUSPICIOUS_MOVE = YES;
				CLANG_WARN_UNGUARDED_AVAILABILITY = YES_AGGRESSIVE;
				CLANG_WARN_UNREACHABLE_CODE = YES;
				CLANG_WARN__DUPLICATE_METHOD_MATCH = YES;
				CODE_SIGN_IDENTITY = "Mac Developer";
				COPY_PHASE_STRIP = NO;
				DEBUG_INFORMATION_FORMAT = "dwarf-with-dsym";
				ENABLE_NS_ASSERTIONS = NO;
				ENABLE_STRICT_OBJC_MSGSEND = YES;
				GCC_C_LANGUAGE_STANDARD = gnu11;
				GCC_NO_COMMON_BLOCKS = YES;
				GCC_WARN_64_TO_32_BIT_CONVERSION = YES;
				GCC_WARN_ABOUT_RETURN_TYPE = YES_ERROR;
				GCC_WARN_UNDECLARED_SELECTOR = YES;
				GCC_WARN_UNINITIALIZED_AUTOS = YES_AGGRESSIVE;
				GCC_WARN_UNUSED_FUNCTION = YES;
				GCC_WARN_UNUSED_VARIABLE = YES;
				MACOSX_DEPLOYMENT_TARGET = 10.14;
				MTL_ENABLE_DEBUG_INFO = NO;
				MTL_FAST_MATH = YES;
				SDKROOT = macosx;
				SWIFT_COMPILATION_MODE = wholemodule;
				SWIFT_OPTIMIZATION_LEVEL = "-O";
			};
			name = Release;
		};
		B49DD1AC21EFB33F00384A29 /* Debug */ = {
			isa = XCBuildConfiguration;
			buildSettings = {
				ASSETCATALOG_COMPILER_APPICON_NAME = AppIcon;
				CODE_SIGN_ENTITLEMENTS = BatteryNotifier/BatteryNotifier.entitlements;
				CODE_SIGN_IDENTITY = "Mac Developer";
				CODE_SIGN_STYLE = Automatic;
				COMBINE_HIDPI_IMAGES = YES;
				DEBUG_INFORMATION_FORMAT = dwarf;
				DEVELOPMENT_TEAM = 2X8N6D5K7V;
				INFOPLIST_FILE = BatteryNotifier/Info.plist;
				LD_RUNPATH_SEARCH_PATHS = (
					"$(inherited)",
					"@executable_path/../Frameworks",
				);
				PRODUCT_BUNDLE_IDENTIFIER = luelProd.BatteryNotifier;
				PRODUCT_NAME = "$(TARGET_NAME)";
				PROVISIONING_PROFILE_SPECIFIER = "";
				SWIFT_VERSION = 4.2;
			};
			name = Debug;
		};
		B49DD1AD21EFB33F00384A29 /* Release */ = {
			isa = XCBuildConfiguration;
			buildSettings = {
				ASSETCATALOG_COMPILER_APPICON_NAME = AppIcon;
				CODE_SIGN_ENTITLEMENTS = BatteryNotifier/BatteryNotifier.entitlements;
				CODE_SIGN_IDENTITY = "Mac Developer";
				CODE_SIGN_STYLE = Automatic;
				COMBINE_HIDPI_IMAGES = YES;
				DEVELOPMENT_TEAM = 2X8N6D5K7V;
				INFOPLIST_FILE = BatteryNotifier/Info.plist;
				LD_RUNPATH_SEARCH_PATHS = (
					"$(inherited)",
					"@executable_path/../Frameworks",
				);
				PRODUCT_BUNDLE_IDENTIFIER = luelProd.BatteryNotifier;
				PRODUCT_NAME = "$(TARGET_NAME)";
				PROVISIONING_PROFILE_SPECIFIER = "";
				SWIFT_VERSION = 4.2;
			};
			name = Release;
		};
		B49DD1BE21EFCCB500384A29 /* Debug */ = {
			isa = XCBuildConfiguration;
			buildSettings = {
				ASSETCATALOG_COMPILER_APPICON_NAME = AppIcon;
				CODE_SIGN_ENTITLEMENTS = Launcher/Launcher.entitlements;
				CODE_SIGN_STYLE = Automatic;
				COMBINE_HIDPI_IMAGES = YES;
				DEVELOPMENT_TEAM = 2X8N6D5K7V;
				INFOPLIST_FILE = Launcher/Info.plist;
				LD_RUNPATH_SEARCH_PATHS = (
					"$(inherited)",
					"@executable_path/../Frameworks",
				);
				PRODUCT_BUNDLE_IDENTIFIER = luelProd.Launcher;
				PRODUCT_NAME = "$(TARGET_NAME)";
				SKIP_INSTALL = YES;
				SWIFT_VERSION = 4.2;
			};
			name = Debug;
		};
		B49DD1BF21EFCCB500384A29 /* Release */ = {
			isa = XCBuildConfiguration;
			buildSettings = {
				ASSETCATALOG_COMPILER_APPICON_NAME = AppIcon;
				CODE_SIGN_ENTITLEMENTS = Launcher/Launcher.entitlements;
				CODE_SIGN_STYLE = Automatic;
				COMBINE_HIDPI_IMAGES = YES;
				DEVELOPMENT_TEAM = 2X8N6D5K7V;
				INFOPLIST_FILE = Launcher/Info.plist;
				LD_RUNPATH_SEARCH_PATHS = (
					"$(inherited)",
					"@executable_path/../Frameworks",
				);
				PRODUCT_BUNDLE_IDENTIFIER = luelProd.Launcher;
				PRODUCT_NAME = "$(TARGET_NAME)";
				SKIP_INSTALL = YES;
				SWIFT_VERSION = 4.2;
			};
			name = Release;
		};
/* End XCBuildConfiguration section */

/* Begin XCConfigurationList section */
		B49DD19621EFB33E00384A29 /* Build configuration list for PBXProject "BatteryNotifier" */ = {
			isa = XCConfigurationList;
			buildConfigurations = (
				B49DD1A921EFB33F00384A29 /* Debug */,
				B49DD1AA21EFB33F00384A29 /* Release */,
			);
			defaultConfigurationIsVisible = 0;
			defaultConfigurationName = Release;
		};
		B49DD1AB21EFB33F00384A29 /* Build configuration list for PBXNativeTarget "Battery Notifier" */ = {
			isa = XCConfigurationList;
			buildConfigurations = (
				B49DD1AC21EFB33F00384A29 /* Debug */,
				B49DD1AD21EFB33F00384A29 /* Release */,
			);
			defaultConfigurationIsVisible = 0;
			defaultConfigurationName = Release;
		};
		B49DD1BD21EFCCB500384A29 /* Build configuration list for PBXNativeTarget "Launcher" */ = {
			isa = XCConfigurationList;
			buildConfigurations = (
				B49DD1BE21EFCCB500384A29 /* Debug */,
				B49DD1BF21EFCCB500384A29 /* Release */,
			);
			defaultConfigurationIsVisible = 0;
			defaultConfigurationName = Release;
		};
/* End XCConfigurationList section */
	};
	rootObject = B49DD19321EFB33E00384A29 /* Project object */;
}
